
Microsoft Visual Studio Solution File, Format Version 12.00
# Visual Studio Version 17
VisualStudioVersion = 17.5.33627.172
MinimumVisualStudioVersion = 10.0.40219.1
Project("{FAE04EC0-301F-11D3-BF4B-00C04F79EFBC}") = "16.06", "16.06\16.06.csproj", "{C932B19E-9CA8-4948-882D-FE03673E7DC8}"
EndProject
Global
	GlobalSection(SolutionConfigurationPlatforms) = preSolution
		Debug|Any CPU = Debug|Any CPU
		Release|Any CPU = Release|Any CPU
	EndGlobalSection
	GlobalSection(ProjectConfigurationPlatforms) = postSolution
		{C932B19E-9CA8-4948-882D-FE03673E7DC8}.Debug|Any CPU.ActiveCfg = Debug|Any CPU
		{C932B19E-9CA8-4948-882D-FE03673E7DC8}.Debug|Any CPU.Build.0 = Debug|Any CPU
		{C932B19E-9CA8-4948-882D-FE03673E7DC8}.Release|Any CPU.ActiveCfg = Release|Any CPU
		{C932B19E-9CA8-4948-882D-FE03673E7DC8}.Release|Any CPU.Build.0 = Release|Any CPU
	EndGlobalSection
	GlobalSection(SolutionProperties) = preSolution
		HideSolutionNode = FALSE
	EndGlobalSection
	GlobalSection(ExtensibilityGlobals) = postSolution
		SolutionGuid = {424726FF-09E0-4908-A458-BEFF2762B0E1}
	EndGlobalSection
EndGlobal
